
Microsoft Visual Studio Solution File, Format Version 12.00
# Visual Studio Version 16
VisualStudioVersion = 16.0.29009.5
MinimumVisualStudioVersion = 10.0.40219.1
Project("{FAE04EC0-301F-11D3-BF4B-00C04F79EFBC}") = "WindowsForms_Pozdyshev", "WindowsForms_Pozdyshev.csproj", "{B576BB62-A37B-4E21-B910-C01DE3847940}"
EndProject
Global
	GlobalSection(SolutionConfigurationPlatforms) = preSolution
		Debug|Any CPU = Debug|Any CPU
		Release|Any CPU = Release|Any CPU
	EndGlobalSection
	GlobalSection(ProjectConfigurationPlatforms) = postSolution
		{B576BB62-A37B-4E21-B910-C01DE3847940}.Debug|Any CPU.ActiveCfg = Debug|Any CPU
		{B576BB62-A37B-4E21-B910-C01DE3847940}.Debug|Any CPU.Build.0 = Debug|Any CPU
		{B576BB62-A37B-4E21-B910-C01DE3847940}.Release|Any CPU.ActiveCfg = Release|Any CPU
		{B576BB62-A37B-4E21-B910-C01DE3847940}.Release|Any CPU.Build.0 = Release|Any CPU
	EndGlobalSection
	GlobalSection(SolutionProperties) = preSolution
		HideSolutionNode = FALSE
	EndGlobalSection
	GlobalSection(ExtensibilityGlobals) = postSolution
		SolutionGuid = {CCA8E788-A4A5-488A-A3C7-CC9CA79C8F73}
	EndGlobalSection
EndGlobal
